{
  "name": "atomic-jetstream",
  "version": "0.0.23",
  "lockfileVersion": 2,
  "requires": true,
  "packages": {
    "": {
      "name": "atomic-jetstream",
      "version": "0.0.23",
      "license": "MIT",
      "dependencies": {
        "nats": "^2.17.0"
      }
    },
    "node_modules/nats": {
      "version": "2.26.0",
      "resolved": "https://registry.npmjs.org/nats/-/nats-2.26.0.tgz",
      "integrity": "sha512-Inal+dsFpWtqZ5K/ea735yW162RMzKK6hg+5YXXvnXiF2BYxADGfuDsOTZsDLQkQHGV904Hp5fHB+t0P8qNDyg==",
      "dependencies": {
        "nkeys.js": "1.1.0"
      },
      "engines": {
        "node": ">= 14.0.0"
      }
    },
    "node_modules/nkeys.js": {
      "version": "1.1.0",
      "resolved": "https://registry.npmjs.org/nkeys.js/-/nkeys.js-1.1.0.tgz",
      "integrity": "sha512-tB/a0shZL5UZWSwsoeyqfTszONTt4k2YS0tuQioMOD180+MbombYVgzDUYHlx+gejYK6rgf08n/2Df99WY0Sxg==",
      "dependencies": {
        "tweetnacl": "1.0.3"
      },
      "engines": {
        "node": ">=10.0.0"
      }
    },
    "node_modules/tweetnacl": {
      "version": "1.0.3",
      "resolved": "https://registry.npmjs.org/tweetnacl/-/tweetnacl-1.0.3.tgz",
      "integrity": "sha512-6rt+RN7aOi1nGMyC4Xa5DdYiukl2UWCbcJft7YhxReBGQD7OAM8Pbxw6YMo4r2diNEA8FEmu32YOn9rhaiE5yw=="
    }
  },
  "dependencies": {
    "nats": {
      "version": "2.26.0",
      "resolved": "https://registry.npmjs.org/nats/-/nats-2.26.0.tgz",
      "integrity": "sha512-Inal+dsFpWtqZ5K/ea735yW162RMzKK6hg+5YXXvnXiF2BYxADGfuDsOTZsDLQkQHGV904Hp5fHB+t0P8qNDyg==",
      "requires": {
        "nkeys.js": "1.1.0"
      }
    },
    "nkeys.js": {
      "version": "1.1.0",
      "resolved": "https://registry.npmjs.org/nkeys.js/-/nkeys.js-1.1.0.tgz",
      "integrity": "sha512-tB/a0shZL5UZWSwsoeyqfTszONTt4k2YS0tuQioMOD180+MbombYVgzDUYHlx+gejYK6rgf08n/2Df99WY0Sxg==",
      "requires": {
        "tweetnacl": "1.0.3"
      }
    },
    "tweetnacl": {
      "version": "1.0.3",
      "resolved": "https://registry.npmjs.org/tweetnacl/-/tweetnacl-1.0.3.tgz",
      "integrity": "sha512-6rt+RN7aOi1nGMyC4Xa5DdYiukl2UWCbcJft7YhxReBGQD7OAM8Pbxw6YMo4r2diNEA8FEmu32YOn9rhaiE5yw=="
    }
  }
}
