{
  "name": "atomic-jetstream",
  "version": "0.0.16",
  "lockfileVersion": 2,
  "requires": true,
  "packages": {
    "": {
      "name": "atomic-jetstream",
      "version": "0.0.16",
      "license": "MIT",
      "dependencies": {
        "nats": "^2.17.0"
      }
    },
    "node_modules/nats": {
      "version": "2.17.0",
      "resolved": "https://registry.npmjs.org/nats/-/nats-2.17.0.tgz",
      "integrity": "sha512-749TtweWL6bc9R9yNra4a+tuk8J0bqurxcPV/9R2D+WPTplY4PPde/LPSXspqR/eCCTxiM80/AjVlfboEafRxA==",
      "dependencies": {
        "nkeys.js": "1.0.5"
      },
      "engines": {
        "node": ">= 14.0.0"
      }
    },
    "node_modules/nkeys.js": {
      "version": "1.0.5",
      "resolved": "https://registry.npmjs.org/nkeys.js/-/nkeys.js-1.0.5.tgz",
      "integrity": "sha512-u25YnRPHiGVsNzwyHnn+PT90sgAhnS8jUJ1nxmkHMFYCJ6+Ic0lv291w7uhRBpJVJ3PH2GWbYqA151lGCRrB5g==",
      "dependencies": {
        "tweetnacl": "1.0.3"
      },
      "engines": {
        "node": ">=10.0.0"
      }
    },
    "node_modules/tweetnacl": {
      "version": "1.0.3",
      "resolved": "https://registry.npmjs.org/tweetnacl/-/tweetnacl-1.0.3.tgz",
      "integrity": "sha512-6rt+RN7aOi1nGMyC4Xa5DdYiukl2UWCbcJft7YhxReBGQD7OAM8Pbxw6YMo4r2diNEA8FEmu32YOn9rhaiE5yw=="
    }
  },
  "dependencies": {
    "nats": {
      "version": "2.17.0",
      "resolved": "https://registry.npmjs.org/nats/-/nats-2.17.0.tgz",
      "integrity": "sha512-749TtweWL6bc9R9yNra4a+tuk8J0bqurxcPV/9R2D+WPTplY4PPde/LPSXspqR/eCCTxiM80/AjVlfboEafRxA==",
      "requires": {
        "nkeys.js": "1.0.5"
      }
    },
    "nkeys.js": {
      "version": "1.0.5",
      "resolved": "https://registry.npmjs.org/nkeys.js/-/nkeys.js-1.0.5.tgz",
      "integrity": "sha512-u25YnRPHiGVsNzwyHnn+PT90sgAhnS8jUJ1nxmkHMFYCJ6+Ic0lv291w7uhRBpJVJ3PH2GWbYqA151lGCRrB5g==",
      "requires": {
        "tweetnacl": "1.0.3"
      }
    },
    "tweetnacl": {
      "version": "1.0.3",
      "resolved": "https://registry.npmjs.org/tweetnacl/-/tweetnacl-1.0.3.tgz",
      "integrity": "sha512-6rt+RN7aOi1nGMyC4Xa5DdYiukl2UWCbcJft7YhxReBGQD7OAM8Pbxw6YMo4r2diNEA8FEmu32YOn9rhaiE5yw=="
    }
  }
}
